// !$*UTF8*$!
{
	archiveVersion = 1;
	classes = {
	};
	objectVersion = 56;
	objects = {

/* Begin PBXBuildFile section */
		550BF36C2B17951C008F5B9C /* ButtonsController.swift in Sources */ = {isa = PBXBuildFile; fileRef = 550BF36B2B17951C008F5B9C /* ButtonsController.swift */; };
		550BF36E2B1796D7008F5B9C /* VListView.swift in Sources */ = {isa = PBXBuildFile; fileRef = 550BF36D2B1796D7008F5B9C /* VListView.swift */; };
		5576F4612B1BEC56001B50E9 /* EditAreaView.swift in Sources */ = {isa = PBXBuildFile; fileRef = 5576F4602B1BEC56001B50E9 /* EditAreaView.swift */; };
		5576F4632B1BFA6B001B50E9 /* EditCategoryView.swift in Sources */ = {isa = PBXBuildFile; fileRef = 5576F4622B1BFA6B001B50E9 /* EditCategoryView.swift */; };
		559983502B1A8E8E0048019E /* SplashView.swift in Sources */ = {isa = PBXBuildFile; fileRef = 5599834F2B1A8E8E0048019E /* SplashView.swift */; };
		5599835B2B1BA3FB0048019E /* Data in Resources */ = {isa = PBXBuildFile; fileRef = 5599835A2B1BA3FB0048019E /* Data */; };
		5599835D2B1BADD10048019E /* FavoriteModel.swift in Sources */ = {isa = PBXBuildFile; fileRef = 5599835C2B1BADD10048019E /* FavoriteModel.swift */; };
		559983602B1BE66C0048019E /* DataModel.xcdatamodeld in Sources */ = {isa = PBXBuildFile; fileRef = 5599835E2B1BE66C0048019E /* DataModel.xcdatamodeld */; };
		55B86EA12B0CE66600E42B9C /* APIController.swift in Sources */ = {isa = PBXBuildFile; fileRef = 55B86EA02B0CE66500E42B9C /* APIController.swift */; };
		55B86EA32B0CE79300E42B9C /* MealModel.swift in Sources */ = {isa = PBXBuildFile; fileRef = 55B86EA22B0CE79300E42B9C /* MealModel.swift */; };
		55B86EA52B0D0BC100E42B9C /* DataController.swift in Sources */ = {isa = PBXBuildFile; fileRef = 55B86EA42B0D0BC100E42B9C /* DataController.swift */; };
		55B86EA72B0D2C9B00E42B9C /* ArchivedMealModel.swift in Sources */ = {isa = PBXBuildFile; fileRef = 55B86EA62B0D2C9B00E42B9C /* ArchivedMealModel.swift */; };
		55B86EA92B0D2E2D00E42B9C /* ArchiveView.swift in Sources */ = {isa = PBXBuildFile; fileRef = 55B86EA82B0D2E2D00E42B9C /* ArchiveView.swift */; };
		55E03C852B027EB7006890C8 /* RatatouilleApp.swift in Sources */ = {isa = PBXBuildFile; fileRef = 55E03C842B027EB7006890C8 /* RatatouilleApp.swift */; };
		55E03C872B027EB7006890C8 /* ContentView.swift in Sources */ = {isa = PBXBuildFile; fileRef = 55E03C862B027EB7006890C8 /* ContentView.swift */; };
		55E03C892B027EB8006890C8 /* Assets.xcassets in Resources */ = {isa = PBXBuildFile; fileRef = 55E03C882B027EB8006890C8 /* Assets.xcassets */; };
		55E03C8C2B027EB8006890C8 /* Preview Assets.xcassets in Resources */ = {isa = PBXBuildFile; fileRef = 55E03C8B2B027EB8006890C8 /* Preview Assets.xcassets */; };
		55E03C962B027EB8006890C8 /* RatatouilleTests.swift in Sources */ = {isa = PBXBuildFile; fileRef = 55E03C952B027EB8006890C8 /* RatatouilleTests.swift */; };
		55E03CA02B027EB8006890C8 /* RatatouilleUITests.swift in Sources */ = {isa = PBXBuildFile; fileRef = 55E03C9F2B027EB8006890C8 /* RatatouilleUITests.swift */; };
		55E03CA22B027EB8006890C8 /* RatatouilleUITestsLaunchTests.swift in Sources */ = {isa = PBXBuildFile; fileRef = 55E03CA12B027EB8006890C8 /* RatatouilleUITestsLaunchTests.swift */; };
		55E03CB92B028CE4006890C8 /* SearchView.swift in Sources */ = {isa = PBXBuildFile; fileRef = 55E03CB82B028CE4006890C8 /* SearchView.swift */; };
		55E03CBB2B028D2C006890C8 /* SettingsView.swift in Sources */ = {isa = PBXBuildFile; fileRef = 55E03CBA2B028D2C006890C8 /* SettingsView.swift */; };
		55E03CBD2B036CC1006890C8 /* SettingsRowView.swift in Sources */ = {isa = PBXBuildFile; fileRef = 55E03CBC2B036CC1006890C8 /* SettingsRowView.swift */; };
		55E03CC92B069599006890C8 /* BottomTabView.swift in Sources */ = {isa = PBXBuildFile; fileRef = 55E03CC82B069599006890C8 /* BottomTabView.swift */; };
		55E03CCD2B08AFA8006890C8 /* CRUDTestView.swift in Sources */ = {isa = PBXBuildFile; fileRef = 55E03CCC2B08AFA8006890C8 /* CRUDTestView.swift */; };
		55E03CCF2B08BF1B006890C8 /* MyFavoriteMeals.swift in Sources */ = {isa = PBXBuildFile; fileRef = 55E03CCE2B08BF1B006890C8 /* MyFavoriteMeals.swift */; };
/* End PBXBuildFile section */

/* Begin PBXContainerItemProxy section */
		55E03C922B027EB8006890C8 /* PBXContainerItemProxy */ = {
			isa = PBXContainerItemProxy;
			containerPortal = 55E03C792B027EB7006890C8 /* Project object */;
			proxyType = 1;
			remoteGlobalIDString = 55E03C802B027EB7006890C8;
			remoteInfo = Ratatouille;
		};
		55E03C9C2B027EB8006890C8 /* PBXContainerItemProxy */ = {
			isa = PBXContainerItemProxy;
			containerPortal = 55E03C792B027EB7006890C8 /* Project object */;
			proxyType = 1;
			remoteGlobalIDString = 55E03C802B027EB7006890C8;
			remoteInfo = Ratatouille;
		};
/* End PBXContainerItemProxy section */

/* Begin PBXFileReference section */
		550BF36B2B17951C008F5B9C /* ButtonsController.swift */ = {isa = PBXFileReference; lastKnownFileType = sourcecode.swift; path = ButtonsController.swift; sourceTree = "<group>"; };
		550BF36D2B1796D7008F5B9C /* VListView.swift */ = {isa = PBXFileReference; lastKnownFileType = sourcecode.swift; path = VListView.swift; sourceTree = "<group>"; };
		5576F4602B1BEC56001B50E9 /* EditAreaView.swift */ = {isa = PBXFileReference; lastKnownFileType = sourcecode.swift; path = EditAreaView.swift; sourceTree = "<group>"; };
		5576F4622B1BFA6B001B50E9 /* EditCategoryView.swift */ = {isa = PBXFileReference; lastKnownFileType = sourcecode.swift; path = EditCategoryView.swift; sourceTree = "<group>"; };
		5599834F2B1A8E8E0048019E /* SplashView.swift */ = {isa = PBXFileReference; lastKnownFileType = sourcecode.swift; path = SplashView.swift; sourceTree = "<group>"; };
		5599835A2B1BA3FB0048019E /* Data */ = {isa = PBXFileReference; lastKnownFileType = folder; path = Data; sourceTree = "<group>"; };
		5599835C2B1BADD10048019E /* FavoriteModel.swift */ = {isa = PBXFileReference; lastKnownFileType = sourcecode.swift; path = FavoriteModel.swift; sourceTree = "<group>"; };
		5599835F2B1BE66C0048019E /* MealCoreDataModel.xcdatamodel */ = {isa = PBXFileReference; lastKnownFileType = wrapper.xcdatamodel; path = MealCoreDataModel.xcdatamodel; sourceTree = "<group>"; };
		55B86EA02B0CE66500E42B9C /* APIController.swift */ = {isa = PBXFileReference; lastKnownFileType = sourcecode.swift; path = APIController.swift; sourceTree = "<group>"; };
		55B86EA22B0CE79300E42B9C /* MealModel.swift */ = {isa = PBXFileReference; lastKnownFileType = sourcecode.swift; path = MealModel.swift; sourceTree = "<group>"; };
		55B86EA42B0D0BC100E42B9C /* DataController.swift */ = {isa = PBXFileReference; lastKnownFileType = sourcecode.swift; path = DataController.swift; sourceTree = "<group>"; };
		55B86EA62B0D2C9B00E42B9C /* ArchivedMealModel.swift */ = {isa = PBXFileReference; lastKnownFileType = sourcecode.swift; path = ArchivedMealModel.swift; sourceTree = "<group>"; };
		55B86EA82B0D2E2D00E42B9C /* ArchiveView.swift */ = {isa = PBXFileReference; lastKnownFileType = sourcecode.swift; path = ArchiveView.swift; sourceTree = "<group>"; };
		55E03C812B027EB7006890C8 /* Ratatouille.app */ = {isa = PBXFileReference; explicitFileType = wrapper.application; includeInIndex = 0; path = Ratatouille.app; sourceTree = BUILT_PRODUCTS_DIR; };
		55E03C842B027EB7006890C8 /* RatatouilleApp.swift */ = {isa = PBXFileReference; lastKnownFileType = sourcecode.swift; path = RatatouilleApp.swift; sourceTree = "<group>"; };
		55E03C862B027EB7006890C8 /* ContentView.swift */ = {isa = PBXFileReference; lastKnownFileType = sourcecode.swift; path = ContentView.swift; sourceTree = "<group>"; };
		55E03C882B027EB8006890C8 /* Assets.xcassets */ = {isa = PBXFileReference; lastKnownFileType = folder.assetcatalog; path = Assets.xcassets; sourceTree = "<group>"; };
		55E03C8B2B027EB8006890C8 /* Preview Assets.xcassets */ = {isa = PBXFileReference; lastKnownFileType = folder.assetcatalog; path = "Preview Assets.xcassets"; sourceTree = "<group>"; };
		55E03C912B027EB8006890C8 /* RatatouilleTests.xctest */ = {isa = PBXFileReference; explicitFileType = wrapper.cfbundle; includeInIndex = 0; path = RatatouilleTests.xctest; sourceTree = BUILT_PRODUCTS_DIR; };
		55E03C952B027EB8006890C8 /* RatatouilleTests.swift */ = {isa = PBXFileReference; lastKnownFileType = sourcecode.swift; path = RatatouilleTests.swift; sourceTree = "<group>"; };
		55E03C9B2B027EB8006890C8 /* RatatouilleUITests.xctest */ = {isa = PBXFileReference; explicitFileType = wrapper.cfbundle; includeInIndex = 0; path = RatatouilleUITests.xctest; sourceTree = BUILT_PRODUCTS_DIR; };
		55E03C9F2B027EB8006890C8 /* RatatouilleUITests.swift */ = {isa = PBXFileReference; lastKnownFileType = sourcecode.swift; path = RatatouilleUITests.swift; sourceTree = "<group>"; };
		55E03CA12B027EB8006890C8 /* RatatouilleUITestsLaunchTests.swift */ = {isa = PBXFileReference; lastKnownFileType = sourcecode.swift; path = RatatouilleUITestsLaunchTests.swift; sourceTree = "<group>"; };
		55E03CB82B028CE4006890C8 /* SearchView.swift */ = {isa = PBXFileReference; lastKnownFileType = sourcecode.swift; path = SearchView.swift; sourceTree = "<group>"; };
		55E03CBA2B028D2C006890C8 /* SettingsView.swift */ = {isa = PBXFileReference; lastKnownFileType = sourcecode.swift; path = SettingsView.swift; sourceTree = "<group>"; };
		55E03CBC2B036CC1006890C8 /* SettingsRowView.swift */ = {isa = PBXFileReference; lastKnownFileType = sourcecode.swift; path = SettingsRowView.swift; sourceTree = "<group>"; };
		55E03CC82B069599006890C8 /* BottomTabView.swift */ = {isa = PBXFileReference; lastKnownFileType = sourcecode.swift; path = BottomTabView.swift; sourceTree = "<group>"; };
		55E03CCC2B08AFA8006890C8 /* CRUDTestView.swift */ = {isa = PBXFileReference; lastKnownFileType = sourcecode.swift; path = CRUDTestView.swift; sourceTree = "<group>"; };
		55E03CCE2B08BF1B006890C8 /* MyFavoriteMeals.swift */ = {isa = PBXFileReference; lastKnownFileType = sourcecode.swift; path = MyFavoriteMeals.swift; sourceTree = "<group>"; };
/* End PBXFileReference section */

/* Begin PBXFrameworksBuildPhase section */
		55E03C7E2B027EB7006890C8 /* Frameworks */ = {
			isa = PBXFrameworksBuildPhase;
			buildActionMask = 2147483647;
			files = (
			);
			runOnlyForDeploymentPostprocessing = 0;
		};
		55E03C8E2B027EB8006890C8 /* Frameworks */ = {
			isa = PBXFrameworksBuildPhase;
			buildActionMask = 2147483647;
			files = (
			);
			runOnlyForDeploymentPostprocessing = 0;
		};
		55E03C982B027EB8006890C8 /* Frameworks */ = {
			isa = PBXFrameworksBuildPhase;
			buildActionMask = 2147483647;
			files = (
			);
			runOnlyForDeploymentPostprocessing = 0;
		};
/* End PBXFrameworksBuildPhase section */

/* Begin PBXGroup section */
		550BF36A2B1794D3008F5B9C /* Components */ = {
			isa = PBXGroup;
			children = (
				550BF36B2B17951C008F5B9C /* ButtonsController.swift */,
				550BF36D2B1796D7008F5B9C /* VListView.swift */,
			);
			path = Components;
			sourceTree = "<group>";
		};
		55E03C782B027EB7006890C8 = {
			isa = PBXGroup;
			children = (
				55E03C832B027EB7006890C8 /* Ratatouille */,
				55E03C942B027EB8006890C8 /* RatatouilleTests */,
				55E03C9E2B027EB8006890C8 /* RatatouilleUITests */,
				55E03C822B027EB7006890C8 /* Products */,
			);
			sourceTree = "<group>";
		};
		55E03C822B027EB7006890C8 /* Products */ = {
			isa = PBXGroup;
			children = (
				55E03C812B027EB7006890C8 /* Ratatouille.app */,
				55E03C912B027EB8006890C8 /* RatatouilleTests.xctest */,
				55E03C9B2B027EB8006890C8 /* RatatouilleUITests.xctest */,
			);
			name = Products;
			sourceTree = "<group>";
		};
		55E03C832B027EB7006890C8 /* Ratatouille */ = {
			isa = PBXGroup;
			children = (
				5599835A2B1BA3FB0048019E /* Data */,
				550BF36A2B1794D3008F5B9C /* Components */,
				55E03CD22B0900E6006890C8 /* UTILS */,
				55E03CC52B051D34006890C8 /* Models */,
				55E03CAE2B02869F006890C8 /* Views */,
				55E03C842B027EB7006890C8 /* RatatouilleApp.swift */,
				55B86EA02B0CE66500E42B9C /* APIController.swift */,
				55E03C882B027EB8006890C8 /* Assets.xcassets */,
				55E03C8A2B027EB8006890C8 /* Preview Content */,
			);
			path = Ratatouille;
			sourceTree = "<group>";
		};
		55E03C8A2B027EB8006890C8 /* Preview Content */ = {
			isa = PBXGroup;
			children = (
				55E03C8B2B027EB8006890C8 /* Preview Assets.xcassets */,
			);
			path = "Preview Content";
			sourceTree = "<group>";
		};
		55E03C942B027EB8006890C8 /* RatatouilleTests */ = {
			isa = PBXGroup;
			children = (
				55E03C952B027EB8006890C8 /* RatatouilleTests.swift */,
			);
			path = RatatouilleTests;
			sourceTree = "<group>";
		};
		55E03C9E2B027EB8006890C8 /* RatatouilleUITests */ = {
			isa = PBXGroup;
			children = (
				55E03C9F2B027EB8006890C8 /* RatatouilleUITests.swift */,
				55E03CA12B027EB8006890C8 /* RatatouilleUITestsLaunchTests.swift */,
			);
			path = RatatouilleUITests;
			sourceTree = "<group>";
		};
		55E03CAE2B02869F006890C8 /* Views */ = {
			isa = PBXGroup;
			children = (
				55E03CC82B069599006890C8 /* BottomTabView.swift */,
				55B86EA82B0D2E2D00E42B9C /* ArchiveView.swift */,
				55E03CB82B028CE4006890C8 /* SearchView.swift */,
				55E03CCE2B08BF1B006890C8 /* MyFavoriteMeals.swift */,
				55E03CBA2B028D2C006890C8 /* SettingsView.swift */,
				5599834F2B1A8E8E0048019E /* SplashView.swift */,
				5576F4602B1BEC56001B50E9 /* EditAreaView.swift */,
				5576F4622B1BFA6B001B50E9 /* EditCategoryView.swift */,
			);
			path = Views;
			sourceTree = "<group>";
		};
		55E03CC52B051D34006890C8 /* Models */ = {
			isa = PBXGroup;
			children = (
				55B86EA22B0CE79300E42B9C /* MealModel.swift */,
				55B86EA62B0D2C9B00E42B9C /* ArchivedMealModel.swift */,
				55B86EA42B0D0BC100E42B9C /* DataController.swift */,
				5599835C2B1BADD10048019E /* FavoriteModel.swift */,
				5599835E2B1BE66C0048019E /* DataModel.xcdatamodeld */,
			);
			path = Models;
			sourceTree = "<group>";
		};
		55E03CD22B0900E6006890C8 /* UTILS */ = {
			isa = PBXGroup;
			children = (
				55E03CCC2B08AFA8006890C8 /* CRUDTestView.swift */,
				55E03CBC2B036CC1006890C8 /* SettingsRowView.swift */,
				55E03C862B027EB7006890C8 /* ContentView.swift */,
			);
			path = UTILS;
			sourceTree = "<group>";
		};
/* End PBXGroup section */

/* Begin PBXNativeTarget section */
		55E03C802B027EB7006890C8 /* Ratatouille */ = {
			isa = PBXNativeTarget;
			buildConfigurationList = 55E03CA52B027EB8006890C8 /* Build configuration list for PBXNativeTarget "Ratatouille" */;
			buildPhases = (
				55E03C7D2B027EB7006890C8 /* Sources */,
				55E03C7E2B027EB7006890C8 /* Frameworks */,
				55E03C7F2B027EB7006890C8 /* Resources */,
			);
			buildRules = (
			);
			dependencies = (
			);
			name = Ratatouille;
			productName = Ratatouille;
			productReference = 55E03C812B027EB7006890C8 /* Ratatouille.app */;
			productType = "com.apple.product-type.application";
		};
		55E03C902B027EB8006890C8 /* RatatouilleTests */ = {
			isa = PBXNativeTarget;
			buildConfigurationList = 55E03CA82B027EB8006890C8 /* Build configuration list for PBXNativeTarget "RatatouilleTests" */;
			buildPhases = (
				55E03C8D2B027EB8006890C8 /* Sources */,
				55E03C8E2B027EB8006890C8 /* Frameworks */,
				55E03C8F2B027EB8006890C8 /* Resources */,
			);
			buildRules = (
			);
			dependencies = (
				55E03C932B027EB8006890C8 /* PBXTargetDependency */,
			);
			name = RatatouilleTests;
			productName = RatatouilleTests;
			productReference = 55E03C912B027EB8006890C8 /* RatatouilleTests.xctest */;
			productType = "com.apple.product-type.bundle.unit-test";
		};
		55E03C9A2B027EB8006890C8 /* RatatouilleUITests */ = {
			isa = PBXNativeTarget;
			buildConfigurationList = 55E03CAB2B027EB8006890C8 /* Build configuration list for PBXNativeTarget "RatatouilleUITests" */;
			buildPhases = (
				55E03C972B027EB8006890C8 /* Sources */,
				55E03C982B027EB8006890C8 /* Frameworks */,
				55E03C992B027EB8006890C8 /* Resources */,
			);
			buildRules = (
			);
			dependencies = (
				55E03C9D2B027EB8006890C8 /* PBXTargetDependency */,
			);
			name = RatatouilleUITests;
			productName = RatatouilleUITests;
			productReference = 55E03C9B2B027EB8006890C8 /* RatatouilleUITests.xctest */;
			productType = "com.apple.product-type.bundle.ui-testing";
		};
/* End PBXNativeTarget section */

/* Begin PBXProject section */
		55E03C792B027EB7006890C8 /* Project object */ = {
			isa = PBXProject;
			attributes = {
				BuildIndependentTargetsInParallel = 1;
				LastSwiftUpdateCheck = 1500;
				LastUpgradeCheck = 1500;
				TargetAttributes = {
					55E03C802B027EB7006890C8 = {
						CreatedOnToolsVersion = 15.0.1;
					};
					55E03C902B027EB8006890C8 = {
						CreatedOnToolsVersion = 15.0.1;
						TestTargetID = 55E03C802B027EB7006890C8;
					};
					55E03C9A2B027EB8006890C8 = {
						CreatedOnToolsVersion = 15.0.1;
						TestTargetID = 55E03C802B027EB7006890C8;
					};
				};
			};
			buildConfigurationList = 55E03C7C2B027EB7006890C8 /* Build configuration list for PBXProject "Ratatouille" */;
			compatibilityVersion = "Xcode 14.0";
			developmentRegion = en;
			hasScannedForEncodings = 0;
			knownRegions = (
				en,
				Base,
			);
			mainGroup = 55E03C782B027EB7006890C8;
			productRefGroup = 55E03C822B027EB7006890C8 /* Products */;
			projectDirPath = "";
			projectRoot = "";
			targets = (
				55E03C802B027EB7006890C8 /* Ratatouille */,
				55E03C902B027EB8006890C8 /* RatatouilleTests */,
				55E03C9A2B027EB8006890C8 /* RatatouilleUITests */,
			);
		};
/* End PBXProject section */

/* Begin PBXResourcesBuildPhase section */
		55E03C7F2B027EB7006890C8 /* Resources */ = {
			isa = PBXResourcesBuildPhase;
			buildActionMask = 2147483647;
			files = (
				55E03C8C2B027EB8006890C8 /* Preview Assets.xcassets in Resources */,
				55E03C892B027EB8006890C8 /* Assets.xcassets in Resources */,
				5599835B2B1BA3FB0048019E /* Data in Resources */,
			);
			runOnlyForDeploymentPostprocessing = 0;
		};
		55E03C8F2B027EB8006890C8 /* Resources */ = {
			isa = PBXResourcesBuildPhase;
			buildActionMask = 2147483647;
			files = (
			);
			runOnlyForDeploymentPostprocessing = 0;
		};
		55E03C992B027EB8006890C8 /* Resources */ = {
			isa = PBXResourcesBuildPhase;
			buildActionMask = 2147483647;
			files = (
			);
			runOnlyForDeploymentPostprocessing = 0;
		};
/* End PBXResourcesBuildPhase section */

/* Begin PBXSourcesBuildPhase section */
		55E03C7D2B027EB7006890C8 /* Sources */ = {
			isa = PBXSourcesBuildPhase;
			buildActionMask = 2147483647;
			files = (
				550BF36C2B17951C008F5B9C /* ButtonsController.swift in Sources */,
				5576F4632B1BFA6B001B50E9 /* EditCategoryView.swift in Sources */,
				55E03CC92B069599006890C8 /* BottomTabView.swift in Sources */,
				559983502B1A8E8E0048019E /* SplashView.swift in Sources */,
				55B86EA52B0D0BC100E42B9C /* DataController.swift in Sources */,
				5576F4612B1BEC56001B50E9 /* EditAreaView.swift in Sources */,
				55E03CBB2B028D2C006890C8 /* SettingsView.swift in Sources */,
				55E03CB92B028CE4006890C8 /* SearchView.swift in Sources */,
				55E03CCD2B08AFA8006890C8 /* CRUDTestView.swift in Sources */,
				55B86EA72B0D2C9B00E42B9C /* ArchivedMealModel.swift in Sources */,
				550BF36E2B1796D7008F5B9C /* VListView.swift in Sources */,
				55E03CBD2B036CC1006890C8 /* SettingsRowView.swift in Sources */,
				55B86EA92B0D2E2D00E42B9C /* ArchiveView.swift in Sources */,
				55E03C872B027EB7006890C8 /* ContentView.swift in Sources */,
				55E03CCF2B08BF1B006890C8 /* MyFavoriteMeals.swift in Sources */,
				559983602B1BE66C0048019E /* DataModel.xcdatamodeld in Sources */,
				55B86EA12B0CE66600E42B9C /* APIController.swift in Sources */,
				55B86EA32B0CE79300E42B9C /* MealModel.swift in Sources */,
				5599835D2B1BADD10048019E /* FavoriteModel.swift in Sources */,
				55E03C852B027EB7006890C8 /* RatatouilleApp.swift in Sources */,
			);
			runOnlyForDeploymentPostprocessing = 0;
		};
		55E03C8D2B027EB8006890C8 /* Sources */ = {
			isa = PBXSourcesBuildPhase;
			buildActionMask = 2147483647;
			files = (
				55E03C962B027EB8006890C8 /* RatatouilleTests.swift in Sources */,
			);
			runOnlyForDeploymentPostprocessing = 0;
		};
		55E03C972B027EB8006890C8 /* Sources */ = {
			isa = PBXSourcesBuildPhase;
			buildActionMask = 2147483647;
			files = (
				55E03CA02B027EB8006890C8 /* RatatouilleUITests.swift in Sources */,
				55E03CA22B027EB8006890C8 /* RatatouilleUITestsLaunchTests.swift in Sources */,
			);
			runOnlyForDeploymentPostprocessing = 0;
		};
/* End PBXSourcesBuildPhase section */

/* Begin PBXTargetDependency section */
		55E03C932B027EB8006890C8 /* PBXTargetDependency */ = {
			isa = PBXTargetDependency;
			target = 55E03C802B027EB7006890C8 /* Ratatouille */;
			targetProxy = 55E03C922B027EB8006890C8 /* PBXContainerItemProxy */;
		};
		55E03C9D2B027EB8006890C8 /* PBXTargetDependency */ = {
			isa = PBXTargetDependency;
			target = 55E03C802B027EB7006890C8 /* Ratatouille */;
			targetProxy = 55E03C9C2B027EB8006890C8 /* PBXContainerItemProxy */;
		};
/* End PBXTargetDependency section */

/* Begin XCBuildConfiguration section */
		55E03CA32B027EB8006890C8 /* Debug */ = {
			isa = XCBuildConfiguration;
			buildSettings = {
				ALWAYS_SEARCH_USER_PATHS = NO;
				ASSETCATALOG_COMPILER_GENERATE_SWIFT_ASSET_SYMBOL_EXTENSIONS = YES;
				CLANG_ANALYZER_NONNULL = YES;
				CLANG_ANALYZER_NUMBER_OBJECT_CONVERSION = YES_AGGRESSIVE;
				CLANG_CXX_LANGUAGE_STANDARD = "gnu++20";
				CLANG_ENABLE_MODULES = YES;
				CLANG_ENABLE_OBJC_ARC = YES;
				CLANG_ENABLE_OBJC_WEAK = YES;
				CLANG_WARN_BLOCK_CAPTURE_AUTORELEASING = YES;
				CLANG_WARN_BOOL_CONVERSION = YES;
				CLANG_WARN_COMMA = YES;
				CLANG_WARN_CONSTANT_CONVERSION = YES;
				CLANG_WARN_DEPRECATED_OBJC_IMPLEMENTATIONS = YES;
				CLANG_WARN_DIRECT_OBJC_ISA_USAGE = YES_ERROR;
				CLANG_WARN_DOCUMENTATION_COMMENTS = YES;
				CLANG_WARN_EMPTY_BODY = YES;
				CLANG_WARN_ENUM_CONVERSION = YES;
				CLANG_WARN_INFINITE_RECURSION = YES;
				CLANG_WARN_INT_CONVERSION = YES;
				CLANG_WARN_NON_LITERAL_NULL_CONVERSION = YES;
				CLANG_WARN_OBJC_IMPLICIT_RETAIN_SELF = YES;
				CLANG_WARN_OBJC_LITERAL_CONVERSION = YES;
				CLANG_WARN_OBJC_ROOT_CLASS = YES_ERROR;
				CLANG_WARN_QUOTED_INCLUDE_IN_FRAMEWORK_HEADER = YES;
				CLANG_WARN_RANGE_LOOP_ANALYSIS = YES;
				CLANG_WARN_STRICT_PROTOTYPES = YES;
				CLANG_WARN_SUSPICIOUS_MOVE = YES;
				CLANG_WARN_UNGUARDED_AVAILABILITY = YES_AGGRESSIVE;
				CLANG_WARN_UNREACHABLE_CODE = YES;
				CLANG_WARN__DUPLICATE_METHOD_MATCH = YES;
				COPY_PHASE_STRIP = NO;
				DEBUG_INFORMATION_FORMAT = dwarf;
				ENABLE_STRICT_OBJC_MSGSEND = YES;
				ENABLE_TESTABILITY = YES;
				ENABLE_USER_SCRIPT_SANDBOXING = YES;
				GCC_C_LANGUAGE_STANDARD = gnu17;
				GCC_DYNAMIC_NO_PIC = NO;
				GCC_NO_COMMON_BLOCKS = YES;
				GCC_OPTIMIZATION_LEVEL = 0;
				GCC_PREPROCESSOR_DEFINITIONS = (
					"DEBUG=1",
					"$(inherited)",
				);
				GCC_WARN_64_TO_32_BIT_CONVERSION = YES;
				GCC_WARN_ABOUT_RETURN_TYPE = YES_ERROR;
				GCC_WARN_UNDECLARED_SELECTOR = YES;
				GCC_WARN_UNINITIALIZED_AUTOS = YES_AGGRESSIVE;
				GCC_WARN_UNUSED_FUNCTION = YES;
				GCC_WARN_UNUSED_VARIABLE = YES;
				IPHONEOS_DEPLOYMENT_TARGET = 17.0;
				LOCALIZATION_PREFERS_STRING_CATALOGS = YES;
				MTL_ENABLE_DEBUG_INFO = INCLUDE_SOURCE;
				MTL_FAST_MATH = YES;
				ONLY_ACTIVE_ARCH = YES;
				SDKROOT = iphoneos;
				SWIFT_ACTIVE_COMPILATION_CONDITIONS = "DEBUG $(inherited)";
				SWIFT_OPTIMIZATION_LEVEL = "-Onone";
			};
			name = Debug;
		};
		55E03CA42B027EB8006890C8 /* Release */ = {
			isa = XCBuildConfiguration;
			buildSettings = {
				ALWAYS_SEARCH_USER_PATHS = NO;
				ASSETCATALOG_COMPILER_GENERATE_SWIFT_ASSET_SYMBOL_EXTENSIONS = YES;
				CLANG_ANALYZER_NONNULL = YES;
				CLANG_ANALYZER_NUMBER_OBJECT_CONVERSION = YES_AGGRESSIVE;
				CLANG_CXX_LANGUAGE_STANDARD = "gnu++20";
				CLANG_ENABLE_MODULES = YES;
				CLANG_ENABLE_OBJC_ARC = YES;
				CLANG_ENABLE_OBJC_WEAK = YES;
				CLANG_WARN_BLOCK_CAPTURE_AUTORELEASING = YES;
				CLANG_WARN_BOOL_CONVERSION = YES;
				CLANG_WARN_COMMA = YES;
				CLANG_WARN_CONSTANT_CONVERSION = YES;
				CLANG_WARN_DEPRECATED_OBJC_IMPLEMENTATIONS = YES;
				CLANG_WARN_DIRECT_OBJC_ISA_USAGE = YES_ERROR;
				CLANG_WARN_DOCUMENTATION_COMMENTS = YES;
				CLANG_WARN_EMPTY_BODY = YES;
				CLANG_WARN_ENUM_CONVERSION = YES;
				CLANG_WARN_INFINITE_RECURSION = YES;
				CLANG_WARN_INT_CONVERSION = YES;
				CLANG_WARN_NON_LITERAL_NULL_CONVERSION = YES;
				CLANG_WARN_OBJC_IMPLICIT_RETAIN_SELF = YES;
				CLANG_WARN_OBJC_LITERAL_CONVERSION = YES;
				CLANG_WARN_OBJC_ROOT_CLASS = YES_ERROR;
				CLANG_WARN_QUOTED_INCLUDE_IN_FRAMEWORK_HEADER = YES;
				CLANG_WARN_RANGE_LOOP_ANALYSIS = YES;
				CLANG_WARN_STRICT_PROTOTYPES = YES;
				CLANG_WARN_SUSPICIOUS_MOVE = YES;
				CLANG_WARN_UNGUARDED_AVAILABILITY = YES_AGGRESSIVE;
				CLANG_WARN_UNREACHABLE_CODE = YES;
				CLANG_WARN__DUPLICATE_METHOD_MATCH = YES;
				COPY_PHASE_STRIP = NO;
				DEBUG_INFORMATION_FORMAT = "dwarf-with-dsym";
				ENABLE_NS_ASSERTIONS = NO;
				ENABLE_STRICT_OBJC_MSGSEND = YES;
				ENABLE_USER_SCRIPT_SANDBOXING = YES;
				GCC_C_LANGUAGE_STANDARD = gnu17;
				GCC_NO_COMMON_BLOCKS = YES;
				GCC_WARN_64_TO_32_BIT_CONVERSION = YES;
				GCC_WARN_ABOUT_RETURN_TYPE = YES_ERROR;
				GCC_WARN_UNDECLARED_SELECTOR = YES;
				GCC_WARN_UNINITIALIZED_AUTOS = YES_AGGRESSIVE;
				GCC_WARN_UNUSED_FUNCTION = YES;
				GCC_WARN_UNUSED_VARIABLE = YES;
				IPHONEOS_DEPLOYMENT_TARGET = 17.0;
				LOCALIZATION_PREFERS_STRING_CATALOGS = YES;
				MTL_ENABLE_DEBUG_INFO = NO;
				MTL_FAST_MATH = YES;
				SDKROOT = iphoneos;
				SWIFT_COMPILATION_MODE = wholemodule;
				VALIDATE_PRODUCT = YES;
			};
			name = Release;
		};
		55E03CA62B027EB8006890C8 /* Debug */ = {
			isa = XCBuildConfiguration;
			buildSettings = {
				ASSETCATALOG_COMPILER_APPICON_NAME = AppIcon;
				ASSETCATALOG_COMPILER_GLOBAL_ACCENT_COLOR_NAME = AccentColor;
				CODE_SIGN_IDENTITY = "Apple Development";
				CODE_SIGN_STYLE = Automatic;
				CURRENT_PROJECT_VERSION = 1;
				DEVELOPMENT_ASSET_PATHS = "\"Ratatouille/Preview Content\"";
				DEVELOPMENT_TEAM = Y7KUS2826Y;
				ENABLE_PREVIEWS = YES;
				GENERATE_INFOPLIST_FILE = YES;
				INFOPLIST_KEY_UIApplicationSceneManifest_Generation = YES;
				INFOPLIST_KEY_UIApplicationSupportsIndirectInputEvents = YES;
				INFOPLIST_KEY_UILaunchScreen_Generation = YES;
				INFOPLIST_KEY_UISupportedInterfaceOrientations_iPad = "UIInterfaceOrientationPortrait UIInterfaceOrientationPortraitUpsideDown UIInterfaceOrientationLandscapeLeft UIInterfaceOrientationLandscapeRight";
				INFOPLIST_KEY_UISupportedInterfaceOrientations_iPhone = "UIInterfaceOrientationPortrait UIInterfaceOrientationLandscapeLeft UIInterfaceOrientationLandscapeRight";
				LD_RUNPATH_SEARCH_PATHS = (
					"$(inherited)",
					"@executable_path/Frameworks",
				);
				MARKETING_VERSION = 1.0;
				PRODUCT_BUNDLE_IDENTIFIER = "PG5602.Student-2104.Ratatouille";
				PRODUCT_NAME = "$(TARGET_NAME)";
				PROVISIONING_PROFILE_SPECIFIER = "";
				SWIFT_EMIT_LOC_STRINGS = YES;
				SWIFT_VERSION = 5.0;
				TARGETED_DEVICE_FAMILY = "1,2";
			};
			name = Debug;
		};
		55E03CA72B027EB8006890C8 /* Release */ = {
			isa = XCBuildConfiguration;
			buildSettings = {
				ASSETCATALOG_COMPILER_APPICON_NAME = AppIcon;
				ASSETCATALOG_COMPILER_GLOBAL_ACCENT_COLOR_NAME = AccentColor;
				CODE_SIGN_IDENTITY = "Apple Development";
				CODE_SIGN_STYLE = Automatic;
				CURRENT_PROJECT_VERSION = 1;
				DEVELOPMENT_ASSET_PATHS = "\"Ratatouille/Preview Content\"";
				DEVELOPMENT_TEAM = Y7KUS2826Y;
				ENABLE_PREVIEWS = YES;
				GENERATE_INFOPLIST_FILE = YES;
				INFOPLIST_KEY_UIApplicationSceneManifest_Generation = YES;
				INFOPLIST_KEY_UIApplicationSupportsIndirectInputEvents = YES;
				INFOPLIST_KEY_UILaunchScreen_Generation = YES;
				INFOPLIST_KEY_UISupportedInterfaceOrientations_iPad = "UIInterfaceOrientationPortrait UIInterfaceOrientationPortraitUpsideDown UIInterfaceOrientationLandscapeLeft UIInterfaceOrientationLandscapeRight";
				INFOPLIST_KEY_UISupportedInterfaceOrientations_iPhone = "UIInterfaceOrientationPortrait UIInterfaceOrientationLandscapeLeft UIInterfaceOrientationLandscapeRight";
				LD_RUNPATH_SEARCH_PATHS = (
					"$(inherited)",
					"@executable_path/Frameworks",
				);
				MARKETING_VERSION = 1.0;
				PRODUCT_BUNDLE_IDENTIFIER = "PG5602.Student-2104.Ratatouille";
				PRODUCT_NAME = "$(TARGET_NAME)";
				PROVISIONING_PROFILE_SPECIFIER = "";
				SWIFT_EMIT_LOC_STRINGS = YES;
				SWIFT_VERSION = 5.0;
				TARGETED_DEVICE_FAMILY = "1,2";
			};
			name = Release;
		};
		55E03CA92B027EB8006890C8 /* Debug */ = {
			isa = XCBuildConfiguration;
			buildSettings = {
				ALWAYS_EMBED_SWIFT_STANDARD_LIBRARIES = YES;
				BUNDLE_LOADER = "$(TEST_HOST)";
				CODE_SIGN_STYLE = Automatic;
				CURRENT_PROJECT_VERSION = 1;
				GENERATE_INFOPLIST_FILE = YES;
				IPHONEOS_DEPLOYMENT_TARGET = 17.0;
				MARKETING_VERSION = 1.0;
				PRODUCT_BUNDLE_IDENTIFIER = "PG5602.Student-2104.RatatouilleTests";
				PRODUCT_NAME = "$(TARGET_NAME)";
				SWIFT_EMIT_LOC_STRINGS = NO;
				SWIFT_VERSION = 5.0;
				TARGETED_DEVICE_FAMILY = "1,2";
				TEST_HOST = "$(BUILT_PRODUCTS_DIR)/Ratatouille.app/$(BUNDLE_EXECUTABLE_FOLDER_PATH)/Ratatouille";
			};
			name = Debug;
		};
		55E03CAA2B027EB8006890C8 /* Release */ = {
			isa = XCBuildConfiguration;
			buildSettings = {
				ALWAYS_EMBED_SWIFT_STANDARD_LIBRARIES = YES;
				BUNDLE_LOADER = "$(TEST_HOST)";
				CODE_SIGN_STYLE = Automatic;
				CURRENT_PROJECT_VERSION = 1;
				GENERATE_INFOPLIST_FILE = YES;
				IPHONEOS_DEPLOYMENT_TARGET = 17.0;
				MARKETING_VERSION = 1.0;
				PRODUCT_BUNDLE_IDENTIFIER = "PG5602.Student-2104.RatatouilleTests";
				PRODUCT_NAME = "$(TARGET_NAME)";
				SWIFT_EMIT_LOC_STRINGS = NO;
				SWIFT_VERSION = 5.0;
				TARGETED_DEVICE_FAMILY = "1,2";
				TEST_HOST = "$(BUILT_PRODUCTS_DIR)/Ratatouille.app/$(BUNDLE_EXECUTABLE_FOLDER_PATH)/Ratatouille";
			};
			name = Release;
		};
		55E03CAC2B027EB8006890C8 /* Debug */ = {
			isa = XCBuildConfiguration;
			buildSettings = {
				ALWAYS_EMBED_SWIFT_STANDARD_LIBRARIES = YES;
				CODE_SIGN_STYLE = Automatic;
				CURRENT_PROJECT_VERSION = 1;
				GENERATE_INFOPLIST_FILE = YES;
				MARKETING_VERSION = 1.0;
				PRODUCT_BUNDLE_IDENTIFIER = "PG5602.Student-2104.RatatouilleUITests";
				PRODUCT_NAME = "$(TARGET_NAME)";
				SWIFT_EMIT_LOC_STRINGS = NO;
				SWIFT_VERSION = 5.0;
				TARGETED_DEVICE_FAMILY = "1,2";
				TEST_TARGET_NAME = Ratatouille;
			};
			name = Debug;
		};
		55E03CAD2B027EB8006890C8 /* Release */ = {
			isa = XCBuildConfiguration;
			buildSettings = {
				ALWAYS_EMBED_SWIFT_STANDARD_LIBRARIES = YES;
				CODE_SIGN_STYLE = Automatic;
				CURRENT_PROJECT_VERSION = 1;
				GENERATE_INFOPLIST_FILE = YES;
				MARKETING_VERSION = 1.0;
				PRODUCT_BUNDLE_IDENTIFIER = "PG5602.Student-2104.RatatouilleUITests";
				PRODUCT_NAME = "$(TARGET_NAME)";
				SWIFT_EMIT_LOC_STRINGS = NO;
				SWIFT_VERSION = 5.0;
				TARGETED_DEVICE_FAMILY = "1,2";
				TEST_TARGET_NAME = Ratatouille;
			};
			name = Release;
		};
/* End XCBuildConfiguration section */

/* Begin XCConfigurationList section */
		55E03C7C2B027EB7006890C8 /* Build configuration list for PBXProject "Ratatouille" */ = {
			isa = XCConfigurationList;
			buildConfigurations = (
				55E03CA32B027EB8006890C8 /* Debug */,
				55E03CA42B027EB8006890C8 /* Release */,
			);
			defaultConfigurationIsVisible = 0;
			defaultConfigurationName = Release;
		};
		55E03CA52B027EB8006890C8 /* Build configuration list for PBXNativeTarget "Ratatouille" */ = {
			isa = XCConfigurationList;
			buildConfigurations = (
				55E03CA62B027EB8006890C8 /* Debug */,
				55E03CA72B027EB8006890C8 /* Release */,
			);
			defaultConfigurationIsVisible = 0;
			defaultConfigurationName = Release;
		};
		55E03CA82B027EB8006890C8 /* Build configuration list for PBXNativeTarget "RatatouilleTests" */ = {
			isa = XCConfigurationList;
			buildConfigurations = (
				55E03CA92B027EB8006890C8 /* Debug */,
				55E03CAA2B027EB8006890C8 /* Release */,
			);
			defaultConfigurationIsVisible = 0;
			defaultConfigurationName = Release;
		};
		55E03CAB2B027EB8006890C8 /* Build configuration list for PBXNativeTarget "RatatouilleUITests" */ = {
			isa = XCConfigurationList;
			buildConfigurations = (
				55E03CAC2B027EB8006890C8 /* Debug */,
				55E03CAD2B027EB8006890C8 /* Release */,
			);
			defaultConfigurationIsVisible = 0;
			defaultConfigurationName = Release;
		};
/* End XCConfigurationList section */

/* Begin XCVersionGroup section */
		5599835E2B1BE66C0048019E /* DataModel.xcdatamodeld */ = {
			isa = XCVersionGroup;
			children = (
				5599835F2B1BE66C0048019E /* MealCoreDataModel.xcdatamodel */,
			);
			currentVersion = 5599835F2B1BE66C0048019E /* MealCoreDataModel.xcdatamodel */;
			path = DataModel.xcdatamodeld;
			sourceTree = "<group>";
			versionGroupType = wrapper.xcdatamodel;
		};
/* End XCVersionGroup section */
	};
	rootObject = 55E03C792B027EB7006890C8 /* Project object */;
}
